
Microsoft Visual Studio Solution File, Format Version 12.00
# Visual Studio Version 17
VisualStudioVersion = 17.5.002.0
MinimumVisualStudioVersion = 10.0.40219.1
Project("{9A19103F-16F7-4668-BE54-9A1E7A4F7556}") = "atividade_imc_mstest", "atividade_imc_mstest\atividade_imc_mstest.csproj", "{AE77EFCE-CE40-4428-BCBA-B4A8EE7DEA63}"
EndProject
Global
	GlobalSection(SolutionConfigurationPlatforms) = preSolution
		Debug|Any CPU = Debug|Any CPU
		Release|Any CPU = Release|Any CPU
	EndGlobalSection
	GlobalSection(ProjectConfigurationPlatforms) = postSolution
		{AE77EFCE-CE40-4428-BCBA-B4A8EE7DEA63}.Debug|Any CPU.ActiveCfg = Debug|Any CPU
		{AE77EFCE-CE40-4428-BCBA-B4A8EE7DEA63}.Debug|Any CPU.Build.0 = Debug|Any CPU
		{AE77EFCE-CE40-4428-BCBA-B4A8EE7DEA63}.Release|Any CPU.ActiveCfg = Release|Any CPU
		{AE77EFCE-CE40-4428-BCBA-B4A8EE7DEA63}.Release|Any CPU.Build.0 = Release|Any CPU
	EndGlobalSection
	GlobalSection(SolutionProperties) = preSolution
		HideSolutionNode = FALSE
	EndGlobalSection
	GlobalSection(ExtensibilityGlobals) = postSolution
		SolutionGuid = {AD78D363-3F96-4F9A-9D7C-F015AB5BC0D7}
	EndGlobalSection
EndGlobal
